
Microsoft Visual Studio Solution File, Format Version 12.00
# Visual Studio Version 17
VisualStudioVersion = 17.0.31903.59
MinimumVisualStudioVersion = 10.0.40219.1
Project("{2150E333-8FDC-42A3-9474-1A3956D46DE8}") = "src", "src", "{827E0CD3-B72D-47B6-A68D-7590B98EB39B}"
EndProject
Project("{FAE04EC0-301F-11D3-BF4B-00C04F79EFBC}") = "SGInsurance.Api", "src\SGInsurance.Api\SGInsurance.Api.csproj", "{FF336861-CF1E-4EB8-892F-5452015D37D2}"
EndProject
Project("{FAE04EC0-301F-11D3-BF4B-00C04F79EFBC}") = "SGInsurance.Application", "src\SGInsurance.Application\SGInsurance.Application.csproj", "{2C450776-99C6-419D-9D11-E66CC76BD268}"
EndProject
Project("{FAE04EC0-301F-11D3-BF4B-00C04F79EFBC}") = "SGInsurance.Domain", "src\SGInsurance.Domain\SGInsurance.Domain.csproj", "{C3FEDC8A-2965-488B-8554-F2C4DEB769E3}"
EndProject
Project("{FAE04EC0-301F-11D3-BF4B-00C04F79EFBC}") = "SGInsurance.Infrastructure", "src\SGInsurance.Infrastructure\SGInsurance.Infrastructure.csproj", "{B644CEF1-29D0-4144-8ED4-F02096D735A5}"
EndProject
Project("{FAE04EC0-301F-11D3-BF4B-00C04F79EFBC}") = "SGInsurance.UnitTests", "tests\SGInsurance.UnitTests\SGInsurance.UnitTests.csproj", "{02212D9D-4024-4DA8-B0F8-78AB2B073DCC}"
EndProject
Project("{FAE04EC0-301F-11D3-BF4B-00C04F79EFBC}") = "SGInsurance.IntegrationTests", "tests\SGInsurance.IntegrationTests\SGInsurance.IntegrationTests.csproj", "{4E0B96B8-DCB7-4C72-BEBF-39BD05EED389}"
EndProject
Global
	GlobalSection(SolutionConfigurationPlatforms) = preSolution
		Debug|Any CPU = Debug|Any CPU
		Debug|x64 = Debug|x64
		Debug|x86 = Debug|x86
		Release|Any CPU = Release|Any CPU
		Release|x64 = Release|x64
		Release|x86 = Release|x86
	EndGlobalSection
	GlobalSection(ProjectConfigurationPlatforms) = postSolution
		{FF336861-CF1E-4EB8-892F-5452015D37D2}.Debug|Any CPU.ActiveCfg = Debug|Any CPU
		{FF336861-CF1E-4EB8-892F-5452015D37D2}.Debug|Any CPU.Build.0 = Debug|Any CPU
		{FF336861-CF1E-4EB8-892F-5452015D37D2}.Debug|x64.ActiveCfg = Debug|Any CPU
		{FF336861-CF1E-4EB8-892F-5452015D37D2}.Debug|x64.Build.0 = Debug|Any CPU
		{FF336861-CF1E-4EB8-892F-5452015D37D2}.Debug|x86.ActiveCfg = Debug|Any CPU
		{FF336861-CF1E-4EB8-892F-5452015D37D2}.Debug|x86.Build.0 = Debug|Any CPU
		{FF336861-CF1E-4EB8-892F-5452015D37D2}.Release|Any CPU.ActiveCfg = Release|Any CPU
		{FF336861-CF1E-4EB8-892F-5452015D37D2}.Release|Any CPU.Build.0 = Release|Any CPU
		{FF336861-CF1E-4EB8-892F-5452015D37D2}.Release|x64.ActiveCfg = Release|Any CPU
		{FF336861-CF1E-4EB8-892F-5452015D37D2}.Release|x64.Build.0 = Release|Any CPU
		{FF336861-CF1E-4EB8-892F-5452015D37D2}.Release|x86.ActiveCfg = Release|Any CPU
		{FF336861-CF1E-4EB8-892F-5452015D37D2}.Release|x86.Build.0 = Release|Any CPU
		{2C450776-99C6-419D-9D11-E66CC76BD268}.Debug|Any CPU.ActiveCfg = Debug|Any CPU
		{2C450776-99C6-419D-9D11-E66CC76BD268}.Debug|Any CPU.Build.0 = Debug|Any CPU
		{2C450776-99C6-419D-9D11-E66CC76BD268}.Debug|x64.ActiveCfg = Debug|Any CPU
		{2C450776-99C6-419D-9D11-E66CC76BD268}.Debug|x64.Build.0 = Debug|Any CPU
		{2C450776-99C6-419D-9D11-E66CC76BD268}.Debug|x86.ActiveCfg = Debug|Any CPU
		{2C450776-99C6-419D-9D11-E66CC76BD268}.Debug|x86.Build.0 = Debug|Any CPU
		{2C450776-99C6-419D-9D11-E66CC76BD268}.Release|Any CPU.ActiveCfg = Release|Any CPU
		{2C450776-99C6-419D-9D11-E66CC76BD268}.Release|Any CPU.Build.0 = Release|Any CPU
		{2C450776-99C6-419D-9D11-E66CC76BD268}.Release|x64.ActiveCfg = Release|Any CPU
		{2C450776-99C6-419D-9D11-E66CC76BD268}.Release|x64.Build.0 = Release|Any CPU
		{2C450776-99C6-419D-9D11-E66CC76BD268}.Release|x86.ActiveCfg = Release|Any CPU
		{2C450776-99C6-419D-9D11-E66CC76BD268}.Release|x86.Build.0 = Release|Any CPU
		{C3FEDC8A-2965-488B-8554-F2C4DEB769E3}.Debug|Any CPU.ActiveCfg = Debug|Any CPU
		{C3FEDC8A-2965-488B-8554-F2C4DEB769E3}.Debug|Any CPU.Build.0 = Debug|Any CPU
		{C3FEDC8A-2965-488B-8554-F2C4DEB769E3}.Debug|x64.ActiveCfg = Debug|Any CPU
		{C3FEDC8A-2965-488B-8554-F2C4DEB769E3}.Debug|x64.Build.0 = Debug|Any CPU
		{C3FEDC8A-2965-488B-8554-F2C4DEB769E3}.Debug|x86.ActiveCfg = Debug|Any CPU
		{C3FEDC8A-2965-488B-8554-F2C4DEB769E3}.Debug|x86.Build.0 = Debug|Any CPU
		{C3FEDC8A-2965-488B-8554-F2C4DEB769E3}.Release|Any CPU.ActiveCfg = Release|Any CPU
		{C3FEDC8A-2965-488B-8554-F2C4DEB769E3}.Release|Any CPU.Build.0 = Release|Any CPU
		{C3FEDC8A-2965-488B-8554-F2C4DEB769E3}.Release|x64.ActiveCfg = Release|Any CPU
		{C3FEDC8A-2965-488B-8554-F2C4DEB769E3}.Release|x64.Build.0 = Release|Any CPU
		{C3FEDC8A-2965-488B-8554-F2C4DEB769E3}.Release|x86.ActiveCfg = Release|Any CPU
		{C3FEDC8A-2965-488B-8554-F2C4DEB769E3}.Release|x86.Build.0 = Release|Any CPU
		{B644CEF1-29D0-4144-8ED4-F02096D735A5}.Debug|Any CPU.ActiveCfg = Debug|Any CPU
		{B644CEF1-29D0-4144-8ED4-F02096D735A5}.Debug|Any CPU.Build.0 = Debug|Any CPU
		{B644CEF1-29D0-4144-8ED4-F02096D735A5}.Debug|x64.ActiveCfg = Debug|Any CPU
		{B644CEF1-29D0-4144-8ED4-F02096D735A5}.Debug|x64.Build.0 = Debug|Any CPU
		{B644CEF1-29D0-4144-8ED4-F02096D735A5}.Debug|x86.ActiveCfg = Debug|Any CPU
		{B644CEF1-29D0-4144-8ED4-F02096D735A5}.Debug|x86.Build.0 = Debug|Any CPU
		{B644CEF1-29D0-4144-8ED4-F02096D735A5}.Release|Any CPU.ActiveCfg = Release|Any CPU
		{B644CEF1-29D0-4144-8ED4-F02096D735A5}.Release|Any CPU.Build.0 = Release|Any CPU
		{B644CEF1-29D0-4144-8ED4-F02096D735A5}.Release|x64.ActiveCfg = Release|Any CPU
		{B644CEF1-29D0-4144-8ED4-F02096D735A5}.Release|x64.Build.0 = Release|Any CPU
		{B644CEF1-29D0-4144-8ED4-F02096D735A5}.Release|x86.ActiveCfg = Release|Any CPU
		{B644CEF1-29D0-4144-8ED4-F02096D735A5}.Release|x86.Build.0 = Release|Any CPU
		{02212D9D-4024-4DA8-B0F8-78AB2B073DCC}.Debug|Any CPU.ActiveCfg = Debug|Any CPU
		{02212D9D-4024-4DA8-B0F8-78AB2B073DCC}.Debug|Any CPU.Build.0 = Debug|Any CPU
		{02212D9D-4024-4DA8-B0F8-78AB2B073DCC}.Debug|x64.ActiveCfg = Debug|Any CPU
		{02212D9D-4024-4DA8-B0F8-78AB2B073DCC}.Debug|x64.Build.0 = Debug|Any CPU
		{02212D9D-4024-4DA8-B0F8-78AB2B073DCC}.Debug|x86.ActiveCfg = Debug|Any CPU
		{02212D9D-4024-4DA8-B0F8-78AB2B073DCC}.Debug|x86.Build.0 = Debug|Any CPU
		{02212D9D-4024-4DA8-B0F8-78AB2B073DCC}.Release|Any CPU.ActiveCfg = Release|Any CPU
		{02212D9D-4024-4DA8-B0F8-78AB2B073DCC}.Release|Any CPU.Build.0 = Release|Any CPU
		{02212D9D-4024-4DA8-B0F8-78AB2B073DCC}.Release|x64.ActiveCfg = Release|Any CPU
		{02212D9D-4024-4DA8-B0F8-78AB2B073DCC}.Release|x64.Build.0 = Release|Any CPU
		{02212D9D-4024-4DA8-B0F8-78AB2B073DCC}.Release|x86.ActiveCfg = Release|Any CPU
		{02212D9D-4024-4DA8-B0F8-78AB2B073DCC}.Release|x86.Build.0 = Release|Any CPU
		{4E0B96B8-DCB7-4C72-BEBF-39BD05EED389}.Debug|Any CPU.ActiveCfg = Debug|Any CPU
		{4E0B96B8-DCB7-4C72-BEBF-39BD05EED389}.Debug|Any CPU.Build.0 = Debug|Any CPU
		{4E0B96B8-DCB7-4C72-BEBF-39BD05EED389}.Debug|x64.ActiveCfg = Debug|Any CPU
		{4E0B96B8-DCB7-4C72-BEBF-39BD05EED389}.Debug|x64.Build.0 = Debug|Any CPU
		{4E0B96B8-DCB7-4C72-BEBF-39BD05EED389}.Debug|x86.ActiveCfg = Debug|Any CPU
		{4E0B96B8-DCB7-4C72-BEBF-39BD05EED389}.Debug|x86.Build.0 = Debug|Any CPU
		{4E0B96B8-DCB7-4C72-BEBF-39BD05EED389}.Release|Any CPU.ActiveCfg = Release|Any CPU
		{4E0B96B8-DCB7-4C72-BEBF-39BD05EED389}.Release|Any CPU.Build.0 = Release|Any CPU
		{4E0B96B8-DCB7-4C72-BEBF-39BD05EED389}.Release|x64.ActiveCfg = Release|Any CPU
		{4E0B96B8-DCB7-4C72-BEBF-39BD05EED389}.Release|x64.Build.0 = Release|Any CPU
		{4E0B96B8-DCB7-4C72-BEBF-39BD05EED389}.Release|x86.ActiveCfg = Release|Any CPU
		{4E0B96B8-DCB7-4C72-BEBF-39BD05EED389}.Release|x86.Build.0 = Release|Any CPU
	EndGlobalSection
	GlobalSection(SolutionProperties) = preSolution
		HideSolutionNode = FALSE
	EndGlobalSection
	GlobalSection(NestedProjects) = preSolution
		{FF336861-CF1E-4EB8-892F-5452015D37D2} = {827E0CD3-B72D-47B6-A68D-7590B98EB39B}
		{2C450776-99C6-419D-9D11-E66CC76BD268} = {827E0CD3-B72D-47B6-A68D-7590B98EB39B}
		{C3FEDC8A-2965-488B-8554-F2C4DEB769E3} = {827E0CD3-B72D-47B6-A68D-7590B98EB39B}
		{B644CEF1-29D0-4144-8ED4-F02096D735A5} = {827E0CD3-B72D-47B6-A68D-7590B98EB39B}
		{02212D9D-4024-4DA8-B0F8-78AB2B073DCC} = {827E0CD3-B72D-47B6-A68D-7590B98EB39B}
		{4E0B96B8-DCB7-4C72-BEBF-39BD05EED389} = {827E0CD3-B72D-47B6-A68D-7590B98EB39B}
	EndGlobalSection
EndGlobal
